<?xml version="1.0" encoding="utf-8"?>
<Project ToolsVersion="4.0" xmlns="http://schemas.microsoft.com/developer/msbuild/2003">
  <ItemGroup>
    <ClCompile Include="libgit2\src\attr.c" />
    <ClCompile Include="libgit2\src\attr_file.c" />
    <ClCompile Include="libgit2\src\blob.c" />
    <ClCompile Include="libgit2\src\branch.c" />
    <ClCompile Include="libgit2\src\buffer.c" />
    <ClCompile Include="libgit2\src\buf_text.c" />
    <ClCompile Include="libgit2\src\cache.c" />
    <ClCompile Include="libgit2\src\checkout.c" />
    <ClCompile Include="libgit2\src\clone.c" />
    <ClCompile Include="libgit2\src\commit.c" />
    <ClCompile Include="libgit2\src\commit_list.c" />
    <ClCompile Include="libgit2\src\compress.c" />
    <ClCompile Include="libgit2\src\config.c" />
    <ClCompile Include="libgit2\src\config_cache.c" />
    <ClCompile Include="libgit2\src\config_file.c" />
    <ClCompile Include="libgit2\src\crlf.c" />
    <ClCompile Include="libgit2\src\date.c" />
    <ClCompile Include="libgit2\src\delta-apply.c" />
    <ClCompile Include="libgit2\src\delta.c" />
    <ClCompile Include="libgit2\src\diff.c" />
    <ClCompile Include="libgit2\src\diff_driver.c" />
    <ClCompile Include="libgit2\src\diff_file.c" />
    <ClCompile Include="libgit2\src\diff_patch.c" />
    <ClCompile Include="libgit2\src\diff_print.c" />
    <ClCompile Include="libgit2\src\diff_tform.c" />
    <ClCompile Include="libgit2\src\diff_xdiff.c" />
    <ClCompile Include="libgit2\src\errors.c" />
    <ClCompile Include="libgit2\src\fetch.c" />
    <ClCompile Include="libgit2\src\fetchhead.c" />
    <ClCompile Include="libgit2\src\filebuf.c" />
    <ClCompile Include="libgit2\src\fileops.c" />
    <ClCompile Include="libgit2\src\filter.c" />
    <ClCompile Include="libgit2\src\fnmatch.c" />
    <ClCompile Include="libgit2\src\global.c" />
    <ClCompile Include="libgit2\src\graph.c" />
    <ClCompile Include="libgit2\src\hash.c" />
    <ClCompile Include="libgit2\src\hashsig.c" />
    <ClCompile Include="libgit2\src\ignore.c" />
    <ClCompile Include="libgit2\src\index.c" />
    <ClCompile Include="libgit2\src\indexer.c" />
    <ClCompile Include="libgit2\src\iterator.c" />
    <ClCompile Include="libgit2\src\merge.c" />
    <ClCompile Include="libgit2\src\merge_file.c" />
    <ClCompile Include="libgit2\src\message.c" />
    <ClCompile Include="libgit2\src\mwindow.c" />
    <ClCompile Include="libgit2\src\netops.c" />
    <ClCompile Include="libgit2\src\notes.c" />
    <ClCompile Include="libgit2\src\object.c" />
    <ClCompile Include="libgit2\src\object_api.c" />
    <ClCompile Include="libgit2\src\odb.c" />
    <ClCompile Include="libgit2\src\odb_loose.c" />
    <ClCompile Include="libgit2\src\odb_pack.c" />
    <ClCompile Include="libgit2\src\oid.c" />
    <ClCompile Include="libgit2\src\pack-objects.c" />
    <ClCompile Include="libgit2\src\pack.c" />
    <ClCompile Include="libgit2\src\path.c" />
    <ClCompile Include="libgit2\src\pathspec.c" />
    <ClCompile Include="libgit2\src\pool.c" />
    <ClCompile Include="libgit2\src\posix.c" />
    <ClCompile Include="libgit2\src\pqueue.c" />
    <ClCompile Include="libgit2\src\push.c" />
    <ClCompile Include="libgit2\src\refdb.c" />
    <ClCompile Include="libgit2\src\refdb_fs.c" />
    <ClCompile Include="libgit2\src\reflog.c" />
    <ClCompile Include="libgit2\src\refs.c" />
    <ClCompile Include="libgit2\src\refspec.c" />
    <ClCompile Include="libgit2\src\remote.c" />
    <ClCompile Include="libgit2\src\repository.c" />
    <ClCompile Include="libgit2\src\reset.c" />
    <ClCompile Include="libgit2\src\revparse.c" />
    <ClCompile Include="libgit2\src\revwalk.c" />
    <ClCompile Include="libgit2\src\sha1_lookup.c" />
    <ClCompile Include="libgit2\src\signature.c" />
    <ClCompile Include="libgit2\src\stash.c" />
    <ClCompile Include="libgit2\src\status.c" />
    <ClCompile Include="libgit2\src\submodule.c" />
    <ClCompile Include="libgit2\src\tag.c" />
    <ClCompile Include="libgit2\src\thread-utils.c" />
    <ClCompile Include="libgit2\src\trace.c" />
    <ClCompile Include="libgit2\src\transport.c" />
    <ClCompile Include="libgit2\src\tree-cache.c" />
    <ClCompile Include="libgit2\src\tree.c" />
    <ClCompile Include="libgit2\src\tsort.c" />
    <ClCompile Include="libgit2\src\util.c" />
    <ClCompile Include="libgit2\src\vector.c" />
    <ClCompile Include="libgit2\src\transports\cred.c" />
    <ClCompile Include="libgit2\src\transports\cred_helpers.c" />
    <ClCompile Include="libgit2\src\transports\git.c" />
    <ClCompile Include="libgit2\src\transports\http.c" />
    <ClCompile Include="libgit2\src\transports\local.c" />
    <ClCompile Include="libgit2\src\transports\smart.c" />
    <ClCompile Include="libgit2\src\transports\smart_pkt.c" />
    <ClCompile Include="libgit2\src\transports\smart_protocol.c" />
    <ClCompile Include="libgit2\src\transports\ssh.c" />
    <ClCompile Include="libgit2\src\transports\winhttp.c" />
    <ClCompile Include="libgit2\src\xdiff\xdiffi.c" />
    <ClCompile Include="libgit2\src\xdiff\xemit.c" />
    <ClCompile Include="libgit2\src\xdiff\xhistogram.c" />
    <ClCompile Include="libgit2\src\xdiff\xmerge.c" />
    <ClCompile Include="libgit2\src\xdiff\xpatience.c" />
    <ClCompile Include="libgit2\src\xdiff\xprepare.c" />
    <ClCompile Include="libgit2\src\xdiff\xutils.c" />
    <ClCompile Include="libgit2\src\win32\dir.c" />
    <ClCompile Include="libgit2\src\win32\error.c" />
    <ClCompile Include="libgit2\src\win32\findfile.c" />
    <ClCompile Include="libgit2\src\win32\map.c" />
    <ClCompile Include="libgit2\src\win32\posix_w32.c" />
    <ClCompile Include="libgit2\src\win32\precompiled.c" />
    <ClCompile Include="libgit2\src\win32\pthread.c" />
    <ClCompile Include="libgit2\src\win32\utf-conv.c" />
    <ClCompile Include="libgit2\deps\zlib\adler32.c" />
    <ClCompile Include="libgit2\deps\zlib\crc32.c" />
    <ClCompile Include="libgit2\deps\zlib\deflate.c" />
    <ClCompile Include="libgit2\deps\zlib\inffast.c" />
    <ClCompile Include="libgit2\deps\zlib\inflate.c" />
    <ClCompile Include="libgit2\deps\zlib\inftrees.c" />
    <ClCompile Include="libgit2\deps\zlib\trees.c" />
    <ClCompile Include="libgit2\deps\zlib\zutil.c" />
    <ClCompile Include="libgit2\deps\regex\regex.c" />
    <ClCompile Include="libgit2\src\hash\hash_win32.c" />
  </ItemGroup>
  <ItemGroup>
    <CustomBuild Include="libgit2\CMakeLists.txt" />
  </ItemGroup>
  <ItemGroup>
    <ResourceCompile Include="libgit2\src\win32\git2.rc" />
  </ItemGroup>
  <ItemGroup>
    <Filter Include="deps\zlib">
      <UniqueIdentifier>{E433DCBE-9E82-469C-9DD3-4E615073444B}</UniqueIdentifier>
    </Filter>
    <Filter Include="deps\regex">
      <UniqueIdentifier>{073482AC-21F5-4B4C-9381-6776C20CE8A2}</UniqueIdentifier>
    </Filter>
    <Filter Include="src">
      <UniqueIdentifier>{842DAEBE-2AEE-499E-AD6B-F23D3535E397}</UniqueIdentifier>
    </Filter>
    <Filter Include="deps">
      <UniqueIdentifier>{7320A6C6-15D3-44CA-B533-44DC90076762}</UniqueIdentifier>
    </Filter>
    <Filter Include="src\transports">
      <UniqueIdentifier>{559F9C0E-0F3D-4173-AD5C-FF6B78EABC1F}</UniqueIdentifier>
    </Filter>
    <Filter Include="src\xdiff">
      <UniqueIdentifier>{E541A4ED-9364-40AB-B6CE-A606C8958EE4}</UniqueIdentifier>
    </Filter>
    <Filter Include="src\win32">
      <UniqueIdentifier>{2C9AA883-61A4-4A39-8C5E-F89A9A0A3E26}</UniqueIdentifier>
    </Filter>
    <Filter Include="src\hash">
      <UniqueIdentifier>{19C22EA3-2C92-4B57-968F-C8620018EC0D}</UniqueIdentifier>
    </Filter>
  </ItemGroup>
</Project>