<?xml version="1.0" encoding="utf-8"?>
<Project ToolsVersion="4.0" xmlns="http://schemas.microsoft.com/developer/msbuild/2003">
  <ItemGroup>
    <Filter Include="Source Files">
      <UniqueIdentifier>{4FC737F1-C7A5-4376-A066-2A32D752A2FF}</UniqueIdentifier>
      <Extensions>cpp;c;cc;cxx;def;odl;idl;hpj;bat;asm;asmx</Extensions>
    </Filter>
    <Filter Include="Source Files\src">
      <UniqueIdentifier>{93ddff71-9c7d-4b9f-8deb-3976ebd60abb}</UniqueIdentifier>
    </Filter>
    <Filter Include="Source Files\src\win32">
      <UniqueIdentifier>{75a44e95-9b3a-4f1c-ab16-edaeee8f2842}</UniqueIdentifier>
    </Filter>
    <Filter Include="Source Files\deps">
      <UniqueIdentifier>{54ee822d-03d7-430b-8b84-81f8c9a31f9f}</UniqueIdentifier>
    </Filter>
    <Filter Include="Source Files\deps\zlib">
      <UniqueIdentifier>{805fda3f-938d-4b5d-8b6a-fd34a1b1f26c}</UniqueIdentifier>
    </Filter>
    <Filter Include="Header Files">
      <UniqueIdentifier>{93995380-89BD-4b04-88EB-625FBE52EBFB}</UniqueIdentifier>
      <Extensions>h;hpp;hxx;hm;inl;inc;xsd</Extensions>
    </Filter>
    <Filter Include="Header Files\src">
      <UniqueIdentifier>{8d7f037b-3bf3-4b55-bc10-e633a8af87ce}</UniqueIdentifier>
    </Filter>
    <Filter Include="Header Files\src\win32">
      <UniqueIdentifier>{b7c71e84-3f96-48ec-b235-6c7a29455257}</UniqueIdentifier>
    </Filter>
    <Filter Include="Header Files\git2">
      <UniqueIdentifier>{5fbe1d71-fe5c-4810-8a8d-a75914fb9cd2}</UniqueIdentifier>
    </Filter>
    <Filter Include="Header Files\deps">
      <UniqueIdentifier>{f37170d9-91f0-406d-92bb-a819fd27c056}</UniqueIdentifier>
    </Filter>
    <Filter Include="Header Files\deps\zlib">
      <UniqueIdentifier>{b6ee63a2-2c13-415d-adc1-8bd84f33fd39}</UniqueIdentifier>
    </Filter>
    <Filter Include="Resource Files">
      <UniqueIdentifier>{67DA6AB6-F800-4c08-8B7A-83BB121AAD01}</UniqueIdentifier>
      <Extensions>rc;ico;cur;bmp;dlg;rc2;rct;bin;rgs;gif;jpg;jpeg;jpe;resx;tiff;tif;png;wav</Extensions>
    </Filter>
  </ItemGroup>
  <ItemGroup>
    <ClCompile Include="libgit2\src\blob.c">
      <Filter>Source Files\src</Filter>
    </ClCompile>
    <ClCompile Include="libgit2\src\buffer.c">
      <Filter>Source Files\src</Filter>
    </ClCompile>
    <ClCompile Include="libgit2\src\cache.c">
      <Filter>Source Files\src</Filter>
    </ClCompile>
    <ClCompile Include="libgit2\src\commit.c">
      <Filter>Source Files\src</Filter>
    </ClCompile>
    <ClCompile Include="libgit2\src\config.c">
      <Filter>Source Files\src</Filter>
    </ClCompile>
    <ClCompile Include="libgit2\src\config_file.c">
      <Filter>Source Files\src</Filter>
    </ClCompile>
    <ClCompile Include="libgit2\src\delta-apply.c">
      <Filter>Source Files\src</Filter>
    </ClCompile>
    <ClCompile Include="libgit2\src\errors.c">
      <Filter>Source Files\src</Filter>
    </ClCompile>
    <ClCompile Include="libgit2\src\filebuf.c">
      <Filter>Source Files\src</Filter>
    </ClCompile>
    <ClCompile Include="libgit2\src\fileops.c">
      <Filter>Source Files\src</Filter>
    </ClCompile>
    <ClCompile Include="libgit2\src\hash.c">
      <Filter>Source Files\src</Filter>
    </ClCompile>
    <ClCompile Include="libgit2\src\hashtable.c">
      <Filter>Source Files\src</Filter>
    </ClCompile>
    <ClCompile Include="libgit2\src\index.c">
      <Filter>Source Files\src</Filter>
    </ClCompile>
    <ClCompile Include="libgit2\src\netops.c">
      <Filter>Source Files\src</Filter>
    </ClCompile>
    <ClCompile Include="libgit2\src\object.c">
      <Filter>Source Files\src</Filter>
    </ClCompile>
    <ClCompile Include="libgit2\src\odb.c">
      <Filter>Source Files\src</Filter>
    </ClCompile>
    <ClCompile Include="libgit2\src\odb_loose.c">
      <Filter>Source Files\src</Filter>
    </ClCompile>
    <ClCompile Include="libgit2\src\odb_pack.c">
      <Filter>Source Files\src</Filter>
    </ClCompile>
    <ClCompile Include="libgit2\src\oid.c">
      <Filter>Source Files\src</Filter>
    </ClCompile>
    <ClCompile Include="libgit2\src\path.c">
      <Filter>Source Files\src</Filter>
    </ClCompile>
    <ClCompile Include="libgit2\src\pkt.c">
      <Filter>Source Files\src</Filter>
    </ClCompile>
    <ClCompile Include="libgit2\src\posix.c">
      <Filter>Source Files\src</Filter>
    </ClCompile>
    <ClCompile Include="libgit2\src\pqueue.c">
      <Filter>Source Files\src</Filter>
    </ClCompile>
    <ClCompile Include="libgit2\src\reflog.c">
      <Filter>Source Files\src</Filter>
    </ClCompile>
    <ClCompile Include="libgit2\src\refs.c">
      <Filter>Source Files\src</Filter>
    </ClCompile>
    <ClCompile Include="libgit2\src\refspec.c">
      <Filter>Source Files\src</Filter>
    </ClCompile>
    <ClCompile Include="libgit2\src\remote.c">
      <Filter>Source Files\src</Filter>
    </ClCompile>
    <ClCompile Include="libgit2\src\repository.c">
      <Filter>Source Files\src</Filter>
    </ClCompile>
    <ClCompile Include="libgit2\src\revwalk.c">
      <Filter>Source Files\src</Filter>
    </ClCompile>
    <ClCompile Include="libgit2\src\sha1.c">
      <Filter>Source Files\src</Filter>
    </ClCompile>
    <ClCompile Include="libgit2\src\sha1_lookup.c">
      <Filter>Source Files\src</Filter>
    </ClCompile>
    <ClCompile Include="libgit2\src\signature.c">
      <Filter>Source Files\src</Filter>
    </ClCompile>
    <ClCompile Include="libgit2\src\status.c">
      <Filter>Source Files\src</Filter>
    </ClCompile>
    <ClCompile Include="libgit2\src\tag.c">
      <Filter>Source Files\src</Filter>
    </ClCompile>
    <ClCompile Include="libgit2\src\thread-utils.c">
      <Filter>Source Files\src</Filter>
    </ClCompile>
    <ClCompile Include="libgit2\src\transport.c">
      <Filter>Source Files\src</Filter>
    </ClCompile>
    <ClCompile Include="libgit2\src\transport_git.c">
      <Filter>Source Files\src</Filter>
    </ClCompile>
    <ClCompile Include="libgit2\src\transport_local.c">
      <Filter>Source Files\src</Filter>
    </ClCompile>
    <ClCompile Include="libgit2\src\tree.c">
      <Filter>Source Files\src</Filter>
    </ClCompile>
    <ClCompile Include="libgit2\src\tsort.c">
      <Filter>Source Files\src</Filter>
    </ClCompile>
    <ClCompile Include="libgit2\src\util.c">
      <Filter>Source Files\src</Filter>
    </ClCompile>
    <ClCompile Include="libgit2\src\vector.c">
      <Filter>Source Files\src</Filter>
    </ClCompile>
    <ClCompile Include="libgit2\src\win32\dir.c">
      <Filter>Source Files\src\win32</Filter>
    </ClCompile>
    <ClCompile Include="libgit2\src\win32\fnmatch.c">
      <Filter>Source Files\src\win32</Filter>
    </ClCompile>
    <ClCompile Include="libgit2\src\win32\map.c">
      <Filter>Source Files\src\win32</Filter>
    </ClCompile>
    <ClCompile Include="libgit2\src\win32\posix.c">
      <Filter>Source Files\src\win32</Filter>
    </ClCompile>
    <ClCompile Include="libgit2\src\win32\pthread.c">
      <Filter>Source Files\src\win32</Filter>
    </ClCompile>
    <ClCompile Include="libgit2\deps\zlib\adler32.c">
      <Filter>Source Files\deps\zlib</Filter>
    </ClCompile>
    <ClCompile Include="libgit2\deps\zlib\deflate.c">
      <Filter>Source Files\deps\zlib</Filter>
    </ClCompile>
    <ClCompile Include="libgit2\deps\zlib\inffast.c">
      <Filter>Source Files\deps\zlib</Filter>
    </ClCompile>
    <ClCompile Include="libgit2\deps\zlib\inflate.c">
      <Filter>Source Files\deps\zlib</Filter>
    </ClCompile>
    <ClCompile Include="libgit2\deps\zlib\inftrees.c">
      <Filter>Source Files\deps\zlib</Filter>
    </ClCompile>
    <ClCompile Include="libgit2\deps\zlib\trees.c">
      <Filter>Source Files\deps\zlib</Filter>
    </ClCompile>
    <ClCompile Include="libgit2\deps\zlib\zutil.c">
      <Filter>Source Files\deps\zlib</Filter>
    </ClCompile>
  </ItemGroup>
  <ItemGroup>
    <ClInclude Include="libgit2\src\fileops.h">
      <Filter>Header Files</Filter>
    </ClInclude>
    <ClInclude Include="libgit2\include\git2.h">
      <Filter>Header Files</Filter>
    </ClInclude>
    <ClInclude Include="libgit2\src\blob.h">
      <Filter>Header Files\src</Filter>
    </ClInclude>
    <ClInclude Include="libgit2\src\bswap.h">
      <Filter>Header Files\src</Filter>
    </ClInclude>
    <ClInclude Include="libgit2\src\buffer.h">
      <Filter>Header Files\src</Filter>
    </ClInclude>
    <ClInclude Include="libgit2\src\cache.h">
      <Filter>Header Files\src</Filter>
    </ClInclude>
    <ClInclude Include="libgit2\src\cc-compat.h">
      <Filter>Header Files\src</Filter>
    </ClInclude>
    <ClInclude Include="libgit2\src\commit.h">
      <Filter>Header Files\src</Filter>
    </ClInclude>
    <ClInclude Include="libgit2\src\common.h">
      <Filter>Header Files\src</Filter>
    </ClInclude>
    <ClInclude Include="libgit2\src\config.h">
      <Filter>Header Files\src</Filter>
    </ClInclude>
    <ClInclude Include="libgit2\src\delta-apply.h">
      <Filter>Header Files\src</Filter>
    </ClInclude>
    <ClInclude Include="libgit2\src\dir.h">
      <Filter>Header Files\src</Filter>
    </ClInclude>
    <ClInclude Include="libgit2\src\filebuf.h">
      <Filter>Header Files\src</Filter>
    </ClInclude>
    <ClInclude Include="libgit2\src\hash.h">
      <Filter>Header Files\src</Filter>
    </ClInclude>
    <ClInclude Include="libgit2\src\hashtable.h">
      <Filter>Header Files\src</Filter>
    </ClInclude>
    <ClInclude Include="libgit2\src\index.h">
      <Filter>Header Files\src</Filter>
    </ClInclude>
    <ClInclude Include="libgit2\src\map.h">
      <Filter>Header Files\src</Filter>
    </ClInclude>
    <ClInclude Include="libgit2\src\netops.h">
      <Filter>Header Files\src</Filter>
    </ClInclude>
    <ClInclude Include="libgit2\src\odb.h">
      <Filter>Header Files\src</Filter>
    </ClInclude>
    <ClInclude Include="libgit2\src\oid.h">
      <Filter>Header Files\src</Filter>
    </ClInclude>
    <ClInclude Include="libgit2\src\path.h">
      <Filter>Header Files\src</Filter>
    </ClInclude>
    <ClInclude Include="libgit2\src\pkt.h">
      <Filter>Header Files\src</Filter>
    </ClInclude>
    <ClInclude Include="libgit2\src\posix.h">
      <Filter>Header Files\src</Filter>
    </ClInclude>
    <ClInclude Include="libgit2\src\pqueue.h">
      <Filter>Header Files\src</Filter>
    </ClInclude>
    <ClInclude Include="libgit2\src\reflog.h">
      <Filter>Header Files\src</Filter>
    </ClInclude>
    <ClInclude Include="libgit2\src\refs.h">
      <Filter>Header Files\src</Filter>
    </ClInclude>
    <ClInclude Include="libgit2\src\refspec.h">
      <Filter>Header Files\src</Filter>
    </ClInclude>
    <ClInclude Include="libgit2\src\remote.h">
      <Filter>Header Files\src</Filter>
    </ClInclude>
    <ClInclude Include="libgit2\src\repository.h">
      <Filter>Header Files\src</Filter>
    </ClInclude>
    <ClInclude Include="libgit2\src\sha1.h">
      <Filter>Header Files\src</Filter>
    </ClInclude>
    <ClInclude Include="libgit2\src\sha1_lookup.h">
      <Filter>Header Files\src</Filter>
    </ClInclude>
    <ClInclude Include="libgit2\src\signature.h">
      <Filter>Header Files\src</Filter>
    </ClInclude>
    <ClInclude Include="libgit2\src\t03-data.h">
      <Filter>Header Files\src</Filter>
    </ClInclude>
    <ClInclude Include="libgit2\src\tag.h">
      <Filter>Header Files\src</Filter>
    </ClInclude>
    <ClInclude Include="libgit2\src\thread-utils.h">
      <Filter>Header Files\src</Filter>
    </ClInclude>
    <ClInclude Include="libgit2\src\transport.h">
      <Filter>Header Files\src</Filter>
    </ClInclude>
    <ClInclude Include="libgit2\src\tree.h">
      <Filter>Header Files\src</Filter>
    </ClInclude>
    <ClInclude Include="libgit2\src\util.h">
      <Filter>Header Files\src</Filter>
    </ClInclude>
    <ClInclude Include="libgit2\src\vector.h">
      <Filter>Header Files\src</Filter>
    </ClInclude>
    <ClInclude Include="libgit2\src\win32\fnmatch.h">
      <Filter>Header Files\src\win32</Filter>
    </ClInclude>
    <ClInclude Include="libgit2\src\win32\mingw-compat.h">
      <Filter>Header Files\src\win32</Filter>
    </ClInclude>
    <ClInclude Include="libgit2\src\win32\msvc-compat.h">
      <Filter>Header Files\src\win32</Filter>
    </ClInclude>
    <ClInclude Include="libgit2\src\win32\posix.h">
      <Filter>Header Files\src\win32</Filter>
    </ClInclude>
    <ClInclude Include="libgit2\src\win32\pthread.h">
      <Filter>Header Files\src\win32</Filter>
    </ClInclude>
    <ClInclude Include="libgit2\include\git2\blob.h">
      <Filter>Header Files\git2</Filter>
    </ClInclude>
    <ClInclude Include="libgit2\include\git2\commit.h">
      <Filter>Header Files\git2</Filter>
    </ClInclude>
    <ClInclude Include="libgit2\include\git2\common.h">
      <Filter>Header Files\git2</Filter>
    </ClInclude>
    <ClInclude Include="libgit2\include\git2\config.h">
      <Filter>Header Files\git2</Filter>
    </ClInclude>
    <ClInclude Include="libgit2\include\git2\errors.h">
      <Filter>Header Files\git2</Filter>
    </ClInclude>
    <ClInclude Include="libgit2\include\git2\index.h">
      <Filter>Header Files\git2</Filter>
    </ClInclude>
    <ClInclude Include="libgit2\include\git2\object.h">
      <Filter>Header Files\git2</Filter>
    </ClInclude>
    <ClInclude Include="libgit2\include\git2\odb.h">
      <Filter>Header Files\git2</Filter>
    </ClInclude>
    <ClInclude Include="libgit2\include\git2\odb_backend.h">
      <Filter>Header Files\git2</Filter>
    </ClInclude>
    <ClInclude Include="libgit2\include\git2\oid.h">
      <Filter>Header Files\git2</Filter>
    </ClInclude>
    <ClInclude Include="libgit2\include\git2\refs.h">
      <Filter>Header Files\git2</Filter>
    </ClInclude>
    <ClInclude Include="libgit2\include\git2\repository.h">
      <Filter>Header Files\git2</Filter>
    </ClInclude>
    <ClInclude Include="libgit2\include\git2\revwalk.h">
      <Filter>Header Files\git2</Filter>
    </ClInclude>
    <ClInclude Include="libgit2\include\git2\signature.h">
      <Filter>Header Files\git2</Filter>
    </ClInclude>
    <ClInclude Include="libgit2\include\git2\tag.h">
      <Filter>Header Files\git2</Filter>
    </ClInclude>
    <ClInclude Include="libgit2\include\git2\thread-utils.h">
      <Filter>Header Files\git2</Filter>
    </ClInclude>
    <ClInclude Include="libgit2\include\git2\tree.h">
      <Filter>Header Files\git2</Filter>
    </ClInclude>
    <ClInclude Include="libgit2\include\git2\types.h">
      <Filter>Header Files\git2</Filter>
    </ClInclude>
    <ClInclude Include="libgit2\include\git2\zlib.h">
      <Filter>Header Files\git2</Filter>
    </ClInclude>
    <ClInclude Include="libgit2\deps\zlib\deflate.h">
      <Filter>Header Files\deps\zlib</Filter>
    </ClInclude>
    <ClInclude Include="libgit2\deps\zlib\inffast.h">
      <Filter>Header Files\deps\zlib</Filter>
    </ClInclude>
    <ClInclude Include="libgit2\deps\zlib\inffixed.h">
      <Filter>Header Files\deps\zlib</Filter>
    </ClInclude>
    <ClInclude Include="libgit2\deps\zlib\inflate.h">
      <Filter>Header Files\deps\zlib</Filter>
    </ClInclude>
    <ClInclude Include="libgit2\deps\zlib\inftrees.h">
      <Filter>Header Files\deps\zlib</Filter>
    </ClInclude>
    <ClInclude Include="libgit2\deps\zlib\trees.h">
      <Filter>Header Files\deps\zlib</Filter>
    </ClInclude>
    <ClInclude Include="libgit2\deps\zlib\zconf.h">
      <Filter>Header Files\deps\zlib</Filter>
    </ClInclude>
    <ClInclude Include="libgit2\deps\zlib\zlib.h">
      <Filter>Header Files\deps\zlib</Filter>
    </ClInclude>
    <ClInclude Include="libgit2\deps\zlib\zutil.h">
      <Filter>Header Files\deps\zlib</Filter>
    </ClInclude>
  </ItemGroup>
</Project>